# THIS IS AN AUTOGENERATED FILE. DO NOT EDIT THIS FILE DIRECTLY.
# yarn lockfile v1


colors@^1.1.2:
  version "1.1.2"
  resolved "https://registry.yarnpkg.com/colors/-/colors-1.1.2.tgz#168a4701756b6a7f51a12ce0c97bfa28c084ed63"

commander@^2.9.0:
  version "2.11.0"
  resolved "https://registry.yarnpkg.com/commander/-/commander-2.11.0.tgz#157152fd1e7a6c8d98a5b715cf376df928004563"

fs-extra@^1.0.0:
  version "1.0.0"
  resolved "https://registry.yarnpkg.com/fs-extra/-/fs-extra-1.0.0.tgz#cd3ce5f7e7cb6145883fcae3191e9877f8587950"
  dependencies:
    graceful-fs "^4.1.2"
    jsonfile "^2.1.0"
    klaw "^1.0.0"

graceful-fs@^4.1.2, graceful-fs@^4.1.6, graceful-fs@^4.1.9:
  version "4.1.11"
  resolved "https://registry.yarnpkg.com/graceful-fs/-/graceful-fs-4.1.11.tgz#0e8bdfe4d1ddb8854d64e04ea7c00e2a026e5658"

greybeard@^1.3.3:
  version "1.3.3"
  resolved "https://registry.yarnpkg.com/greybeard/-/greybeard-1.3.3.tgz#2529c31e792dc6c444f13ad712f1b104d09d46df"
  dependencies:
    colors "^1.1.2"
    commander "^2.9.0"
    fs-extra "^1.0.0"
    moment "^2.15.2"
    path "^0.12.7"
    progress "^1.1.8"

inherits@2.0.1:
  version "2.0.1"
  resolved "https://registry.yarnpkg.com/inherits/-/inherits-2.0.1.tgz#b17d08d326b4423e568eff719f91b0b1cbdf69f1"

jsonfile@^2.1.0:
  version "2.4.0"
  resolved "https://registry.yarnpkg.com/jsonfile/-/jsonfile-2.4.0.tgz#3736a2b428b87bbda0cc83b53fa3d633a35c2ae8"
  optionalDependencies:
    graceful-fs "^4.1.6"

klaw@^1.0.0:
  version "1.3.1"
  resolved "https://registry.yarnpkg.com/klaw/-/klaw-1.3.1.tgz#4088433b46b3b1ba259d78785d8e96f73ba02439"
  optionalDependencies:
    graceful-fs "^4.1.9"

moment@^2.15.2:
  version "2.19.1"
  resolved "https://registry.yarnpkg.com/moment/-/moment-2.19.1.tgz#56da1a2d1cbf01d38b7e1afc31c10bcfa1929167"

path@^0.12.7:
  version "0.12.7"
  resolved "https://registry.yarnpkg.com/path/-/path-0.12.7.tgz#d4dc2a506c4ce2197eb481ebfcd5b36c0140b10f"
  dependencies:
    process "^0.11.1"
    util "^0.10.3"

process@^0.11.1:
  version "0.11.10"
  resolved "https://registry.yarnpkg.com/process/-/process-0.11.10.tgz#7332300e840161bda3e69a1d1d91a7d4bc16f182"

progress@^1.1.8:
  version "1.1.8"
  resolved "https://registry.yarnpkg.com/progress/-/progress-1.1.8.tgz#e260c78f6161cdd9b0e56cc3e0a85de17c7a57be"

util@^0.10.3:
  version "0.10.3"
  resolved "https://registry.yarnpkg.com/util/-/util-0.10.3.tgz#7afb1afe50805246489e3db7fe0ed379336ac0f9"
  dependencies:
    inherits "2.0.1"
